{
  "requires": true,
  "lockfileVersion": 1,
  "dependencies": {
    "kontra": {
      "version": "6.2.3",
      "resolved": "https://registry.npmjs.org/kontra/-/kontra-6.2.3.tgz",
      "integrity": "sha512-LkzFBzGgZFznzFYEjumixmkCGZy3D6yIvpyssYDnwGeO42PB2kfwzTnxrdrBE75C9Ax/toLcn8MsFOKPRLbdmg=="
    }
  }
}
